<?xml version="1.0" encoding="utf-8"?>
<Project ToolsVersion="4.0" xmlns="http://schemas.microsoft.com/developer/msbuild/2003">
  <ItemGroup>
    <ClCompile Include="AssemblyInfo.cpp" />
    <ClCompile Include="CareerListForm.cpp" />
    <ClCompile Include="CarryOnShoppingForm.cpp" />
    <ClCompile Include="LoginFirstForm.cpp" />
    <ClCompile Include="MySaleHistory.cpp" />
    <ClCompile Include="ProductSearchForm.cpp" />
    <ClCompile Include="SalesMainForAllForm.cpp" />
    <ClCompile Include="UserForm.cpp" />
    <ClCompile Include="LoginForm.cpp" />
    <ClCompile Include="NewCustomerForm.cpp" />
    <ClCompile Include="ProductListForm.cpp" />
    <ClCompile Include="ProductPresentationForm.cpp" />
    <ClCompile Include="SaleDetailForm.cpp" />
    <ClCompile Include="SalesMainForm.cpp" />
    <ClCompile Include="pch.cpp" />
    <ClCompile Include="SalesView.cpp" />
    <ClCompile Include="SearchProductForm.cpp" />
    <ClCompile Include="StadisticReportForm.cpp" />
    <ClCompile Include="UploadAdForm.cpp" />
    <ClCompile Include="ProductStatusForm.cpp" />
    <ClInclude Include="MyWishList.h" />
  </ItemGroup>
  <ItemGroup>
    <ClInclude Include="CareerListForm.h" />
    <ClInclude Include="CarryOnShoppingForm.h" />
    <ClInclude Include="LoginFirstForm.h" />
    <ClInclude Include="MySaleHistory.h" />
    <ClInclude Include="NewCustomerForm.h" />
    <ClInclude Include="ProductSearchForm.h" />
    <ClInclude Include="SalesMainForAllForm.h" />
    <ClInclude Include="UserForm.h" />
    <ClInclude Include="LoginForm.h" />
    <ClInclude Include="ProductForm.h" />
    <ClInclude Include="ProductListForm.h" />
    <ClInclude Include="ProductPresentationForm.h" />
    <ClInclude Include="SaleDetailForm.h" />
    <ClInclude Include="SalesMainForm.h" />
    <ClInclude Include="pch.h" />
    <ClInclude Include="Resource.h" />
    <ClInclude Include="SearchProductForm.h" />
    <ClInclude Include="StadisticReportForm.h" />
    <ClInclude Include="UploadAdForm.h" />
    <ClInclude Include="ProductStatusForm.h" />
    <ClInclude Include="MyWishList.h" />
  </ItemGroup>
  <ItemGroup>
    <ResourceCompile Include="app.rc" />
  </ItemGroup>
  <ItemGroup>
    <Image Include="app.ico" />
  </ItemGroup>
</Project>